
Microsoft Visual Studio Solution File, Format Version 12.00
# Visual Studio Version 16
VisualStudioVersion = 16.0.31025.194
MinimumVisualStudioVersion = 10.0.40219.1
Project("{FAE04EC0-301F-11D3-BF4B-00C04F79EFBC}") = "Structs", "Structs\Structs.csproj", "{8B885228-B06B-46A7-8990-4B353B856CEA}"
EndProject
Global
	GlobalSection(SolutionConfigurationPlatforms) = preSolution
		Debug|Any CPU = Debug|Any CPU
		Release|Any CPU = Release|Any CPU
	EndGlobalSection
	GlobalSection(ProjectConfigurationPlatforms) = postSolution
		{8B885228-B06B-46A7-8990-4B353B856CEA}.Debug|Any CPU.ActiveCfg = Debug|Any CPU
		{8B885228-B06B-46A7-8990-4B353B856CEA}.Debug|Any CPU.Build.0 = Debug|Any CPU
		{8B885228-B06B-46A7-8990-4B353B856CEA}.Release|Any CPU.ActiveCfg = Release|Any CPU
		{8B885228-B06B-46A7-8990-4B353B856CEA}.Release|Any CPU.Build.0 = Release|Any CPU
	EndGlobalSection
	GlobalSection(SolutionProperties) = preSolution
		HideSolutionNode = FALSE
	EndGlobalSection
	GlobalSection(ExtensibilityGlobals) = postSolution
		SolutionGuid = {CD82AA03-FC43-4FBE-BD00-E7C3E2992E85}
	EndGlobalSection
EndGlobal
