
Microsoft Visual Studio Solution File, Format Version 12.00
# Visual Studio Version 16
VisualStudioVersion = 16.0.31025.194
MinimumVisualStudioVersion = 10.0.40219.1
Project("{FAE04EC0-301F-11D3-BF4B-00C04F79EFBC}") = "Try-CatchAssignment", "Try-CatchAssignment\Try-CatchAssignment.csproj", "{1F09994F-3552-4789-B176-586DCA425329}"
EndProject
Global
	GlobalSection(SolutionConfigurationPlatforms) = preSolution
		Debug|Any CPU = Debug|Any CPU
		Release|Any CPU = Release|Any CPU
	EndGlobalSection
	GlobalSection(ProjectConfigurationPlatforms) = postSolution
		{1F09994F-3552-4789-B176-586DCA425329}.Debug|Any CPU.ActiveCfg = Debug|Any CPU
		{1F09994F-3552-4789-B176-586DCA425329}.Debug|Any CPU.Build.0 = Debug|Any CPU
		{1F09994F-3552-4789-B176-586DCA425329}.Release|Any CPU.ActiveCfg = Release|Any CPU
		{1F09994F-3552-4789-B176-586DCA425329}.Release|Any CPU.Build.0 = Release|Any CPU
	EndGlobalSection
	GlobalSection(SolutionProperties) = preSolution
		HideSolutionNode = FALSE
	EndGlobalSection
	GlobalSection(ExtensibilityGlobals) = postSolution
		SolutionGuid = {41AC75C1-AD67-4350-992A-6A57F8116F34}
	EndGlobalSection
EndGlobal
