
Microsoft Visual Studio Solution File, Format Version 12.00
# Visual Studio Version 16
VisualStudioVersion = 16.0.31025.194
MinimumVisualStudioVersion = 10.0.40219.1
Project("{FAE04EC0-301F-11D3-BF4B-00C04F79EFBC}") = "Anonymous_Income_Comparison", "Anonymous_Income_Comparison\Anonymous_Income_Comparison.csproj", "{1278E5C5-963A-4057-927F-075FD7CD6F9B}"
EndProject
Global
	GlobalSection(SolutionConfigurationPlatforms) = preSolution
		Debug|Any CPU = Debug|Any CPU
		Release|Any CPU = Release|Any CPU
	EndGlobalSection
	GlobalSection(ProjectConfigurationPlatforms) = postSolution
		{1278E5C5-963A-4057-927F-075FD7CD6F9B}.Debug|Any CPU.ActiveCfg = Debug|Any CPU
		{1278E5C5-963A-4057-927F-075FD7CD6F9B}.Debug|Any CPU.Build.0 = Debug|Any CPU
		{1278E5C5-963A-4057-927F-075FD7CD6F9B}.Release|Any CPU.ActiveCfg = Release|Any CPU
		{1278E5C5-963A-4057-927F-075FD7CD6F9B}.Release|Any CPU.Build.0 = Release|Any CPU
	EndGlobalSection
	GlobalSection(SolutionProperties) = preSolution
		HideSolutionNode = FALSE
	EndGlobalSection
	GlobalSection(ExtensibilityGlobals) = postSolution
		SolutionGuid = {52FE0E24-2C29-466D-802D-70161D5442C3}
	EndGlobalSection
EndGlobal
