
Microsoft Visual Studio Solution File, Format Version 12.00
# Visual Studio Version 16
VisualStudioVersion = 16.0.31129.286
MinimumVisualStudioVersion = 10.0.40219.1
Project("{FAE04EC0-301F-11D3-BF4B-00C04F79EFBC}") = "CodeFirstConsoleApp", "CodeFirstConsoleApp\CodeFirstConsoleApp.csproj", "{16B1D07D-C147-4699-91AB-28B55BD6ABA3}"
EndProject
Global
	GlobalSection(SolutionConfigurationPlatforms) = preSolution
		Debug|Any CPU = Debug|Any CPU
		Release|Any CPU = Release|Any CPU
	EndGlobalSection
	GlobalSection(ProjectConfigurationPlatforms) = postSolution
		{16B1D07D-C147-4699-91AB-28B55BD6ABA3}.Debug|Any CPU.ActiveCfg = Debug|Any CPU
		{16B1D07D-C147-4699-91AB-28B55BD6ABA3}.Debug|Any CPU.Build.0 = Debug|Any CPU
		{16B1D07D-C147-4699-91AB-28B55BD6ABA3}.Release|Any CPU.ActiveCfg = Release|Any CPU
		{16B1D07D-C147-4699-91AB-28B55BD6ABA3}.Release|Any CPU.Build.0 = Release|Any CPU
	EndGlobalSection
	GlobalSection(SolutionProperties) = preSolution
		HideSolutionNode = FALSE
	EndGlobalSection
	GlobalSection(ExtensibilityGlobals) = postSolution
		SolutionGuid = {E3DCF390-4EF0-4F8F-AF6A-241088AF53AB}
	EndGlobalSection
EndGlobal
