
Microsoft Visual Studio Solution File, Format Version 12.00
# Visual Studio Version 16
VisualStudioVersion = 16.0.31025.194
MinimumVisualStudioVersion = 10.0.40219.1
Project("{FAE04EC0-301F-11D3-BF4B-00C04F79EFBC}") = "TwentyOne", "TwentyOne\TwentyOne.csproj", "{343D62E0-BB94-4AA3-88D1-A939AE1A76E7}"
EndProject
Project("{FAE04EC0-301F-11D3-BF4B-00C04F79EFBC}") = "Casino", "Casino\Casino.csproj", "{DC0ED34D-4DEE-44E5-9BDC-8DE8060855C8}"
EndProject
Global
	GlobalSection(SolutionConfigurationPlatforms) = preSolution
		Debug|Any CPU = Debug|Any CPU
		Release|Any CPU = Release|Any CPU
	EndGlobalSection
	GlobalSection(ProjectConfigurationPlatforms) = postSolution
		{343D62E0-BB94-4AA3-88D1-A939AE1A76E7}.Debug|Any CPU.ActiveCfg = Debug|Any CPU
		{343D62E0-BB94-4AA3-88D1-A939AE1A76E7}.Debug|Any CPU.Build.0 = Debug|Any CPU
		{343D62E0-BB94-4AA3-88D1-A939AE1A76E7}.Release|Any CPU.ActiveCfg = Release|Any CPU
		{343D62E0-BB94-4AA3-88D1-A939AE1A76E7}.Release|Any CPU.Build.0 = Release|Any CPU
		{DC0ED34D-4DEE-44E5-9BDC-8DE8060855C8}.Debug|Any CPU.ActiveCfg = Debug|Any CPU
		{DC0ED34D-4DEE-44E5-9BDC-8DE8060855C8}.Debug|Any CPU.Build.0 = Debug|Any CPU
		{DC0ED34D-4DEE-44E5-9BDC-8DE8060855C8}.Release|Any CPU.ActiveCfg = Release|Any CPU
		{DC0ED34D-4DEE-44E5-9BDC-8DE8060855C8}.Release|Any CPU.Build.0 = Release|Any CPU
	EndGlobalSection
	GlobalSection(SolutionProperties) = preSolution
		HideSolutionNode = FALSE
	EndGlobalSection
	GlobalSection(ExtensibilityGlobals) = postSolution
		SolutionGuid = {3F0B1A87-4FB8-40FC-B407-D0F254A7E578}
	EndGlobalSection
EndGlobal
